
Microsoft Visual Studio Solution File, Format Version 12.00
# Visual Studio Version 16
VisualStudioVersion = 16.0.29025.244
MinimumVisualStudioVersion = 10.0.40219.1
Project("{FAE04EC0-301F-11D3-BF4B-00C04F79EFBC}") = "Day2", "Day2\Day2.csproj", "{4D686948-63B7-488B-A532-CC8A07E0F75F}"
EndProject
Global
	GlobalSection(SolutionConfigurationPlatforms) = preSolution
		Debug|Any CPU = Debug|Any CPU
		Release|Any CPU = Release|Any CPU
	EndGlobalSection
	GlobalSection(ProjectConfigurationPlatforms) = postSolution
		{4D686948-63B7-488B-A532-CC8A07E0F75F}.Debug|Any CPU.ActiveCfg = Debug|Any CPU
		{4D686948-63B7-488B-A532-CC8A07E0F75F}.Debug|Any CPU.Build.0 = Debug|Any CPU
		{4D686948-63B7-488B-A532-CC8A07E0F75F}.Release|Any CPU.ActiveCfg = Release|Any CPU
		{4D686948-63B7-488B-A532-CC8A07E0F75F}.Release|Any CPU.Build.0 = Release|Any CPU
	EndGlobalSection
	GlobalSection(SolutionProperties) = preSolution
		HideSolutionNode = FALSE
	EndGlobalSection
	GlobalSection(ExtensibilityGlobals) = postSolution
		SolutionGuid = {B61E6FB3-2C29-4285-A6F1-4451F57C2ACA}
	EndGlobalSection
EndGlobal
